
Microsoft Visual Studio Solution File, Format Version 12.00
# Visual Studio 15
VisualStudioVersion = 15.0.28307.1758
MinimumVisualStudioVersion = 10.0.40219.1
Project("{FAE04EC0-301F-11D3-BF4B-00C04F79EFBC}") = "WelcomeApp", "WelcomeApp\WelcomeApp.csproj", "{8CB2A39E-363F-42E9-AAA6-E974489F193C}"
EndProject
Global
	GlobalSection(SolutionConfigurationPlatforms) = preSolution
		Debug|Any CPU = Debug|Any CPU
		Release|Any CPU = Release|Any CPU
	EndGlobalSection
	GlobalSection(ProjectConfigurationPlatforms) = postSolution
		{8CB2A39E-363F-42E9-AAA6-E974489F193C}.Debug|Any CPU.ActiveCfg = Debug|Any CPU
		{8CB2A39E-363F-42E9-AAA6-E974489F193C}.Debug|Any CPU.Build.0 = Debug|Any CPU
		{8CB2A39E-363F-42E9-AAA6-E974489F193C}.Release|Any CPU.ActiveCfg = Release|Any CPU
		{8CB2A39E-363F-42E9-AAA6-E974489F193C}.Release|Any CPU.Build.0 = Release|Any CPU
	EndGlobalSection
	GlobalSection(SolutionProperties) = preSolution
		HideSolutionNode = FALSE
	EndGlobalSection
	GlobalSection(ExtensibilityGlobals) = postSolution
		SolutionGuid = {6B6550AA-30B4-484E-8764-FEE5FC38069C}
	EndGlobalSection
EndGlobal
